
Microsoft Visual Studio Solution File, Format Version 12.00
# Visual Studio Version 17
VisualStudioVersion = 17.9.34616.47
MinimumVisualStudioVersion = 10.0.40219.1
Project("{9A19103F-16F7-4668-BE54-9A1E7A4F7556}") = "GUI", "GUI.csproj", "{511A9BE7-FAD6-4728-9407-0C4EAD7FFF51}"
EndProject
Project("{9A19103F-16F7-4668-BE54-9A1E7A4F7556}") = "BUSSS", "..\BUSSS\BUSSS.csproj", "{55D90CAE-8324-45AC-9C89-B7D2E3B78D48}"
EndProject
Project("{9A19103F-16F7-4668-BE54-9A1E7A4F7556}") = "DAO", "..\DAO\DAO\DAO.csproj", "{6C16B5EB-ADF2-45E3-BDE1-79F8B9EA5E58}"
EndProject
Project("{9A19103F-16F7-4668-BE54-9A1E7A4F7556}") = "DTO", "..\DTO\DTO.csproj", "{3057C092-7BFA-411B-8BCC-08A18E133101}"
EndProject
Project("{9A19103F-16F7-4668-BE54-9A1E7A4F7556}") = "BUS", "BUS\BUS.csproj", "{9F29DD05-689D-40E6-8009-A2CA4818A9CD}"
EndProject
Project("{9A19103F-16F7-4668-BE54-9A1E7A4F7556}") = "DTOO", "DTOO\DTOO.csproj", "{07D5764A-953E-42C6-9C51-54659E781DDB}"
EndProject
Project("{FAE04EC0-301F-11D3-BF4B-00C04F79EFBC}") = "DAL", "DAL\DAL.csproj", "{CFCD1C61-CB82-4C24-8D04-73BBE6041F17}"
EndProject
Global
	GlobalSection(SolutionConfigurationPlatforms) = preSolution
		Debug|Any CPU = Debug|Any CPU
		Release|Any CPU = Release|Any CPU
	EndGlobalSection
	GlobalSection(ProjectConfigurationPlatforms) = postSolution
		{511A9BE7-FAD6-4728-9407-0C4EAD7FFF51}.Debug|Any CPU.ActiveCfg = Debug|Any CPU
		{511A9BE7-FAD6-4728-9407-0C4EAD7FFF51}.Debug|Any CPU.Build.0 = Debug|Any CPU
		{511A9BE7-FAD6-4728-9407-0C4EAD7FFF51}.Release|Any CPU.ActiveCfg = Release|Any CPU
		{511A9BE7-FAD6-4728-9407-0C4EAD7FFF51}.Release|Any CPU.Build.0 = Release|Any CPU
		{55D90CAE-8324-45AC-9C89-B7D2E3B78D48}.Debug|Any CPU.ActiveCfg = Debug|Any CPU
		{55D90CAE-8324-45AC-9C89-B7D2E3B78D48}.Debug|Any CPU.Build.0 = Debug|Any CPU
		{55D90CAE-8324-45AC-9C89-B7D2E3B78D48}.Release|Any CPU.ActiveCfg = Release|Any CPU
		{55D90CAE-8324-45AC-9C89-B7D2E3B78D48}.Release|Any CPU.Build.0 = Release|Any CPU
		{6C16B5EB-ADF2-45E3-BDE1-79F8B9EA5E58}.Debug|Any CPU.ActiveCfg = Debug|Any CPU
		{6C16B5EB-ADF2-45E3-BDE1-79F8B9EA5E58}.Debug|Any CPU.Build.0 = Debug|Any CPU
		{6C16B5EB-ADF2-45E3-BDE1-79F8B9EA5E58}.Release|Any CPU.ActiveCfg = Release|Any CPU
		{6C16B5EB-ADF2-45E3-BDE1-79F8B9EA5E58}.Release|Any CPU.Build.0 = Release|Any CPU
		{3057C092-7BFA-411B-8BCC-08A18E133101}.Debug|Any CPU.ActiveCfg = Debug|Any CPU
		{3057C092-7BFA-411B-8BCC-08A18E133101}.Debug|Any CPU.Build.0 = Debug|Any CPU
		{3057C092-7BFA-411B-8BCC-08A18E133101}.Release|Any CPU.ActiveCfg = Release|Any CPU
		{3057C092-7BFA-411B-8BCC-08A18E133101}.Release|Any CPU.Build.0 = Release|Any CPU
		{9F29DD05-689D-40E6-8009-A2CA4818A9CD}.Debug|Any CPU.ActiveCfg = Debug|Any CPU
		{9F29DD05-689D-40E6-8009-A2CA4818A9CD}.Debug|Any CPU.Build.0 = Debug|Any CPU
		{9F29DD05-689D-40E6-8009-A2CA4818A9CD}.Release|Any CPU.ActiveCfg = Release|Any CPU
		{9F29DD05-689D-40E6-8009-A2CA4818A9CD}.Release|Any CPU.Build.0 = Release|Any CPU
		{07D5764A-953E-42C6-9C51-54659E781DDB}.Debug|Any CPU.ActiveCfg = Debug|Any CPU
		{07D5764A-953E-42C6-9C51-54659E781DDB}.Debug|Any CPU.Build.0 = Debug|Any CPU
		{07D5764A-953E-42C6-9C51-54659E781DDB}.Release|Any CPU.ActiveCfg = Release|Any CPU
		{07D5764A-953E-42C6-9C51-54659E781DDB}.Release|Any CPU.Build.0 = Release|Any CPU
		{CFCD1C61-CB82-4C24-8D04-73BBE6041F17}.Debug|Any CPU.ActiveCfg = Debug|Any CPU
		{CFCD1C61-CB82-4C24-8D04-73BBE6041F17}.Debug|Any CPU.Build.0 = Debug|Any CPU
		{CFCD1C61-CB82-4C24-8D04-73BBE6041F17}.Release|Any CPU.ActiveCfg = Release|Any CPU
		{CFCD1C61-CB82-4C24-8D04-73BBE6041F17}.Release|Any CPU.Build.0 = Release|Any CPU
	EndGlobalSection
	GlobalSection(SolutionProperties) = preSolution
		HideSolutionNode = FALSE
	EndGlobalSection
	GlobalSection(ExtensibilityGlobals) = postSolution
		SolutionGuid = {59366283-CDD2-46D6-8D6B-ACF8AC30AA4A}
	EndGlobalSection
EndGlobal
